{
  "meteor": {},
  "dependencies": {
    "basePackages": {
      "accounts-ui-bootstrap-3": {},
      "bootstrap3-sass": {},
      "roles": {},
      "fastclick": {},
      "autoform": {},
      "iron-router": {},
      "zones": {},
      "kadira": {}
    },
    "packages": {
      "accounts-ui-bootstrap-3": {
        "git": "https://github.com/mangasocial/meteor-accounts-ui-bootstrap-3.git",
        "tag": "v0.3.5",
        "commit": "bbd0a8a46ae02526c2ebfee05fa8075d8d04a9ba"
      },
      "bootstrap3-sass": {
        "git": "https://github.com/reywood/meteor-bootstrap3-sass.git",
        "tag": "v3.1.1-5",
        "commit": "d61b7c69aecf1c2033db6b8d283fcfabe9788451"
      },
      "roles": {
        "git": "https://github.com/alanning/meteor-roles.git",
        "tag": "v1.2.11",
        "commit": "2d7dc91848ec874d3a0852c77f462d0fae749de5"
      },
      "fastclick": {
        "git": "https://github.com/percolatestudio/meteor-fastclick",
        "tag": "v0.6.7",
        "commit": "fcb3bfd34d9f6874e626b4e24e8f54107938db41"
      },
      "autoform": {
        "git": "https://github.com/aldeed/meteor-autoform.git",
        "tag": "v1.0.0",
        "commit": "5a5977dd9b66d8109d766b41fb5dc1a0ac3e83be"
      },
      "iron-router": {
        "git": "https://github.com/EventedMind/iron-router.git",
        "tag": "v0.8.2",
        "commit": "05415a8891ea87a00fb1e2388585f2ca5a38e0da"
      },
      "zones": {
        "git": "https://github.com/meteorhacks/zones.git",
        "tag": "v1.2.1",
        "commit": "2a918aecd64a1d75a9a18388216a7e0855a83831"
      },
      "kadira": {
        "git": "https://github.com/meteorhacks/kadira.git",
        "tag": "v2.9.0",
        "commit": "d1c256ba821712bb8620e94a7599990bd4bc9281"
      },
      "scss": {
        "git": "https://github.com/fourseven/meteor-scss.git",
        "tag": "v0.9.3",
        "commit": "185f3b2787fb85e653f7b7bf603d1493ed14943d"
      },
      "simple-schema": {
        "git": "https://github.com/aldeed/meteor-simple-schema.git",
        "tag": "v1.0.2",
        "commit": "21a4ce06ae29bff2fb1203c44ea24e61f1c3edba"
      },
      "collection2": {
        "git": "https://github.com/aldeed/meteor-collection2.git",
        "tag": "v0.4.6",
        "commit": "80554182486be0d8e74f7ed02194a5649d712e27"
      },
      "moment": {
        "git": "https://github.com/acreeger/meteor-moment.git",
        "tag": "v2.8.1",
        "commit": "722ea63783d594341023836b7d418ab2567dab8c"
      },
      "iron-layout": {
        "git": "https://github.com/EventedMind/iron-layout.git",
        "tag": "v0.2.0",
        "commit": "4a2d53e35ba036b0c189c7ceca34be494d4c6c97"
      },
      "inject-initial": {
        "git": "https://github.com/gadicc/meteor-inject-initial.git",
        "tag": "v0.0.10",
        "commit": "19d24aea9cdc16963291dfd85a12d6eadf7b98aa"
      },
      "blaze-layout": {
        "git": "https://github.com/EventedMind/blaze-layout.git",
        "tag": "v0.2.5",
        "commit": "273e3ab7d005d91a1a59c71bd224533b4dae2fbd"
      },
      "iron-core": {
        "git": "https://github.com/EventedMind/iron-core.git",
        "tag": "v0.2.0",
        "commit": "0e48b5dc50d03f01025b7b900fb5ce2f13d52cad"
      },
      "iron-dynamic-template": {
        "git": "https://github.com/EventedMind/iron-dynamic-template.git",
        "tag": "v0.2.1",
        "commit": "4dd1185c4d9d616c9abdb3f33e4a7d5a88db7e18"
      }
    }
  }
}
